// !$*UTF8*$!
{
	archiveVersion = 1;
	classes = {
	};
	objectVersion = 77;
	objects = {

/* Begin PBXBuildFile section */
		39484BC22F7DBA78002669C0 /* earth_daymap.jpg in Resources */ = {isa = PBXBuildFile; fileRef = 39484BC02F7DBA78002669C0 /* earth_daymap.jpg */; };
		39484BC32F7DBA78002669C0 /* earth_night.jpg in Resources */ = {isa = PBXBuildFile; fileRef = 39484BC12F7DBA78002669C0 /* earth_night.jpg */; };
		39484BC92F7DBA78002669C0 /* marker_green.png in Resources */ = {isa = PBXBuildFile; fileRef = 39484BC52F7DBA78002669C0 /* marker_green.png */; };
		39484BCA2F7DBA78002669C0 /* marker_yellow.png in Resources */ = {isa = PBXBuildFile; fileRef = 39484BC62F7DBA78002669C0 /* marker_yellow.png */; };
		39484BCB2F7DBA78002669C0 /* marker_red.png in Resources */ = {isa = PBXBuildFile; fileRef = 39484BC72F7DBA78002669C0 /* marker_red.png */; };
		39484BCC2F7DBA78002669C0 /* marker_home.png in Resources */ = {isa = PBXBuildFile; fileRef = 39484BC82F7DBA78002669C0 /* marker_home.png */; };
/* End PBXBuildFile section */

/* Begin PBXFileReference section */
		39484BA82F7DBA77002669C0 /* Maperick.app */ = {isa = PBXFileReference; explicitFileType = wrapper.application; includeInIndex = 0; path = Maperick.app; sourceTree = BUILT_PRODUCTS_DIR; };
		39484BC02F7DBA78002669C0 /* earth_daymap.jpg */ = {isa = PBXFileReference; lastKnownFileType = image.jpeg; path = earth_daymap.jpg; sourceTree = "<group>"; };
		39484BC12F7DBA78002669C0 /* earth_night.jpg */ = {isa = PBXFileReference; lastKnownFileType = image.jpeg; path = earth_night.jpg; sourceTree = "<group>"; };
		39484BC52F7DBA78002669C0 /* marker_green.png */ = {isa = PBXFileReference; lastKnownFileType = image.png; path = marker_green.png; sourceTree = "<group>"; };
		39484BC62F7DBA78002669C0 /* marker_yellow.png */ = {isa = PBXFileReference; lastKnownFileType = image.png; path = marker_yellow.png; sourceTree = "<group>"; };
		39484BC72F7DBA78002669C0 /* marker_red.png */ = {isa = PBXFileReference; lastKnownFileType = image.png; path = marker_red.png; sourceTree = "<group>"; };
		39484BC82F7DBA78002669C0 /* marker_home.png */ = {isa = PBXFileReference; lastKnownFileType = image.png; path = marker_home.png; sourceTree = "<group>"; };
/* End PBXFileReference section */

/* Begin PBXFileSystemSynchronizedRootGroup section */
		39484BAA2F7DBA77002669C0 /* Maperick */ = {
			isa = PBXFileSystemSynchronizedRootGroup;
			path = Maperick;
			sourceTree = "<group>";
		};
/* End PBXFileSystemSynchronizedRootGroup section */

/* Begin PBXFrameworksBuildPhase section */
		39484BA52F7DBA77002669C0 /* Frameworks */ = {
			isa = PBXFrameworksBuildPhase;
			buildActionMask = 2147483647;
			files = (
			);
			runOnlyForDeploymentPostprocessing = 0;
		};
/* End PBXFrameworksBuildPhase section */

/* Begin PBXGroup section */
		39484B9F2F7DBA77002669C0 = {
			isa = PBXGroup;
			children = (
				39484BAA2F7DBA77002669C0 /* Maperick */,
				39484BC42F7DBA78002669C0 /* Resources */,
				39484BA92F7DBA77002669C0 /* Products */,
			);
			sourceTree = "<group>";
		};
		39484BA92F7DBA77002669C0 /* Products */ = {
			isa = PBXGroup;
			children = (
				39484BA82F7DBA77002669C0 /* Maperick.app */,
			);
			name = Products;
			sourceTree = "<group>";
		};
		39484BC42F7DBA78002669C0 /* Resources */ = {
			isa = PBXGroup;
			children = (
				39484BC02F7DBA78002669C0 /* earth_daymap.jpg */,
				39484BC12F7DBA78002669C0 /* earth_night.jpg */,
				39484BC52F7DBA78002669C0 /* marker_green.png */,
				39484BC62F7DBA78002669C0 /* marker_yellow.png */,
				39484BC72F7DBA78002669C0 /* marker_red.png */,
				39484BC82F7DBA78002669C0 /* marker_home.png */,
			);
			name = Resources;
			path = Maperick/Resources;
			sourceTree = "<group>";
		};
/* End PBXGroup section */

/* Begin PBXNativeTarget section */
		39484BA72F7DBA77002669C0 /* Maperick */ = {
			isa = PBXNativeTarget;
			buildConfigurationList = 39484BB32F7DBA78002669C0 /* Build configuration list for PBXNativeTarget "Maperick" */;
			buildPhases = (
				39484BA42F7DBA77002669C0 /* Sources */,
				39484BA52F7DBA77002669C0 /* Frameworks */,
				39484BA62F7DBA77002669C0 /* Resources */,
			);
			buildRules = (
			);
			dependencies = (
			);
			fileSystemSynchronizedGroups = (
				39484BAA2F7DBA77002669C0 /* Maperick */,
			);
			name = Maperick;
			packageProductDependencies = (
			);
			productName = Maperick;
			productReference = 39484BA82F7DBA77002669C0 /* Maperick.app */;
			productType = "com.apple.product-type.application";
		};
/* End PBXNativeTarget section */

/* Begin PBXProject section */
		39484BA02F7DBA77002669C0 /* Project object */ = {
			isa = PBXProject;
			attributes = {
				BuildIndependentTargetsInParallel = 1;
				LastSwiftUpdateCheck = 2630;
				LastUpgradeCheck = 2630;
				TargetAttributes = {
					39484BA72F7DBA77002669C0 = {
						CreatedOnToolsVersion = 26.3;
					};
				};
			};
			buildConfigurationList = 39484BA32F7DBA77002669C0 /* Build configuration list for PBXProject "Maperick" */;
			developmentRegion = en;
			hasScannedForEncodings = 0;
			knownRegions = (
				en,
				Base,
			);
			mainGroup = 39484B9F2F7DBA77002669C0;
			minimizedProjectReferenceProxies = 1;
			preferredProjectObjectVersion = 77;
			productRefGroup = 39484BA92F7DBA77002669C0 /* Products */;
			projectDirPath = "";
			projectRoot = "";
			targets = (
				39484BA72F7DBA77002669C0 /* Maperick */,
			);
		};
/* End PBXProject section */

/* Begin PBXResourcesBuildPhase section */
		39484BA62F7DBA77002669C0 /* Resources */ = {
			isa = PBXResourcesBuildPhase;
			buildActionMask = 2147483647;
			files = (
				39484BC22F7DBA78002669C0 /* earth_daymap.jpg in Resources */,
				39484BC32F7DBA78002669C0 /* earth_night.jpg in Resources */,
				39484BC92F7DBA78002669C0 /* marker_green.png in Resources */,
				39484BCA2F7DBA78002669C0 /* marker_yellow.png in Resources */,
				39484BCB2F7DBA78002669C0 /* marker_red.png in Resources */,
				39484BCC2F7DBA78002669C0 /* marker_home.png in Resources */,
			);
			runOnlyForDeploymentPostprocessing = 0;
		};
/* End PBXResourcesBuildPhase section */

/* Begin PBXSourcesBuildPhase section */
		39484BA42F7DBA77002669C0 /* Sources */ = {
			isa = PBXSourcesBuildPhase;
			buildActionMask = 2147483647;
			files = (
			);
			runOnlyForDeploymentPostprocessing = 0;
		};
/* End PBXSourcesBuildPhase section */

/* Begin XCBuildConfiguration section */
		39484BB12F7DBA78002669C0 /* Debug */ = {
			isa = XCBuildConfiguration;
			buildSettings = {
				ALWAYS_SEARCH_USER_PATHS = NO;
				ASSETCATALOG_COMPILER_GENERATE_SWIFT_ASSET_SYMBOL_EXTENSIONS = YES;
				CLANG_ANALYZER_NONNULL = YES;
				CLANG_ANALYZER_NUMBER_OBJECT_CONVERSION = YES_AGGRESSIVE;
				CLANG_CXX_LANGUAGE_STANDARD = "gnu++20";
				CLANG_ENABLE_MODULES = YES;
				CLANG_ENABLE_OBJC_ARC = YES;
				CLANG_ENABLE_OBJC_WEAK = YES;
				CLANG_WARN_BLOCK_CAPTURE_AUTORELEASING = YES;
				CLANG_WARN_BOOL_CONVERSION = YES;
				CLANG_WARN_COMMA = YES;
				CLANG_WARN_CONSTANT_CONVERSION = YES;
				CLANG_WARN_DEPRECATED_OBJC_IMPLEMENTATIONS = YES;
				CLANG_WARN_DIRECT_OBJC_ISA_USAGE = YES_ERROR;
				CLANG_WARN_DOCUMENTATION_COMMENTS = YES;
				CLANG_WARN_EMPTY_BODY = YES;
				CLANG_WARN_ENUM_CONVERSION = YES;
				CLANG_WARN_INFINITE_RECURSION = YES;
				CLANG_WARN_INT_CONVERSION = YES;
				CLANG_WARN_NON_LITERAL_NULL_CONVERSION = YES;
				CLANG_WARN_OBJC_IMPLICIT_RETAIN_SELF = YES;
				CLANG_WARN_OBJC_LITERAL_CONVERSION = YES;
				CLANG_WARN_OBJC_ROOT_CLASS = YES_ERROR;
				CLANG_WARN_QUOTED_INCLUDE_IN_FRAMEWORK_HEADER = YES;
				CLANG_WARN_RANGE_LOOP_ANALYSIS = YES;
				CLANG_WARN_STRICT_PROTOTYPES = YES;
				CLANG_WARN_SUSPICIOUS_MOVE = YES;
				CLANG_WARN_UNGUARDED_AVAILABILITY = YES_AGGRESSIVE;
				CLANG_WARN_UNREACHABLE_CODE = YES;
				CLANG_WARN__DUPLICATE_METHOD_MATCH = YES;
				COPY_PHASE_STRIP = NO;
				DEBUG_INFORMATION_FORMAT = dwarf;
				DEVELOPMENT_TEAM = 33HN83NDFB;
				ENABLE_STRICT_OBJC_MSGSEND = YES;
				ENABLE_TESTABILITY = YES;
				ENABLE_USER_SCRIPT_SANDBOXING = YES;
				GCC_C_LANGUAGE_STANDARD = gnu17;
				GCC_DYNAMIC_NO_PIC = NO;
				GCC_NO_COMMON_BLOCKS = YES;
				GCC_OPTIMIZATION_LEVEL = 0;
				GCC_PREPROCESSOR_DEFINITIONS = (
					"DEBUG=1",
					"$(inherited)",
				);
				GCC_WARN_64_TO_32_BIT_CONVERSION = YES;
				GCC_WARN_ABOUT_RETURN_TYPE = YES_ERROR;
				GCC_WARN_UNDECLARED_SELECTOR = YES;
				GCC_WARN_UNINITIALIZED_AUTOS = YES_AGGRESSIVE;
				GCC_WARN_UNUSED_FUNCTION = YES;
				GCC_WARN_UNUSED_VARIABLE = YES;
				LOCALIZATION_PREFERS_STRING_CATALOGS = YES;
				MACOSX_DEPLOYMENT_TARGET = 26.2;
				MTL_ENABLE_DEBUG_INFO = INCLUDE_SOURCE;
				MTL_FAST_MATH = YES;
				ONLY_ACTIVE_ARCH = YES;
				SDKROOT = macosx;
				SWIFT_ACTIVE_COMPILATION_CONDITIONS = "DEBUG $(inherited)";
				SWIFT_OPTIMIZATION_LEVEL = "-Onone";
			};
			name = Debug;
		};
		39484BB22F7DBA78002669C0 /* Release */ = {
			isa = XCBuildConfiguration;
			buildSettings = {
				ALWAYS_SEARCH_USER_PATHS = NO;
				ASSETCATALOG_COMPILER_GENERATE_SWIFT_ASSET_SYMBOL_EXTENSIONS = YES;
				CLANG_ANALYZER_NONNULL = YES;
				CLANG_ANALYZER_NUMBER_OBJECT_CONVERSION = YES_AGGRESSIVE;
				CLANG_CXX_LANGUAGE_STANDARD = "gnu++20";
				CLANG_ENABLE_MODULES = YES;
				CLANG_ENABLE_OBJC_ARC = YES;
				CLANG_ENABLE_OBJC_WEAK = YES;
				CLANG_WARN_BLOCK_CAPTURE_AUTORELEASING = YES;
				CLANG_WARN_BOOL_CONVERSION = YES;
				CLANG_WARN_COMMA = YES;
				CLANG_WARN_CONSTANT_CONVERSION = YES;
				CLANG_WARN_DEPRECATED_OBJC_IMPLEMENTATIONS = YES;
				CLANG_WARN_DIRECT_OBJC_ISA_USAGE = YES_ERROR;
				CLANG_WARN_DOCUMENTATION_COMMENTS = YES;
				CLANG_WARN_EMPTY_BODY = YES;
				CLANG_WARN_ENUM_CONVERSION = YES;
				CLANG_WARN_INFINITE_RECURSION = YES;
				CLANG_WARN_INT_CONVERSION = YES;
				CLANG_WARN_NON_LITERAL_NULL_CONVERSION = YES;
				CLANG_WARN_OBJC_IMPLICIT_RETAIN_SELF = YES;
				CLANG_WARN_OBJC_LITERAL_CONVERSION = YES;
				CLANG_WARN_OBJC_ROOT_CLASS = YES_ERROR;
				CLANG_WARN_QUOTED_INCLUDE_IN_FRAMEWORK_HEADER = YES;
				CLANG_WARN_RANGE_LOOP_ANALYSIS = YES;
				CLANG_WARN_STRICT_PROTOTYPES = YES;
				CLANG_WARN_SUSPICIOUS_MOVE = YES;
				CLANG_WARN_UNGUARDED_AVAILABILITY = YES_AGGRESSIVE;
				CLANG_WARN_UNREACHABLE_CODE = YES;
				CLANG_WARN__DUPLICATE_METHOD_MATCH = YES;
				COPY_PHASE_STRIP = NO;
				DEBUG_INFORMATION_FORMAT = "dwarf-with-dsym";
				DEVELOPMENT_TEAM = 33HN83NDFB;
				ENABLE_NS_ASSERTIONS = NO;
				ENABLE_STRICT_OBJC_MSGSEND = YES;
				ENABLE_USER_SCRIPT_SANDBOXING = YES;
				GCC_C_LANGUAGE_STANDARD = gnu17;
				GCC_NO_COMMON_BLOCKS = YES;
				GCC_WARN_64_TO_32_BIT_CONVERSION = YES;
				GCC_WARN_ABOUT_RETURN_TYPE = YES_ERROR;
				GCC_WARN_UNDECLARED_SELECTOR = YES;
				GCC_WARN_UNINITIALIZED_AUTOS = YES_AGGRESSIVE;
				GCC_WARN_UNUSED_FUNCTION = YES;
				GCC_WARN_UNUSED_VARIABLE = YES;
				LOCALIZATION_PREFERS_STRING_CATALOGS = YES;
				MACOSX_DEPLOYMENT_TARGET = 26.2;
				MTL_ENABLE_DEBUG_INFO = NO;
				MTL_FAST_MATH = YES;
				SDKROOT = macosx;
				SWIFT_COMPILATION_MODE = wholemodule;
			};
			name = Release;
		};
		39484BB42F7DBA78002669C0 /* Debug */ = {
			isa = XCBuildConfiguration;
			buildSettings = {
				ASSETCATALOG_COMPILER_APPICON_NAME = AppIcon;
				ASSETCATALOG_COMPILER_GLOBAL_ACCENT_COLOR_NAME = AccentColor;
				CODE_SIGN_STYLE = Automatic;
				COMBINE_HIDPI_IMAGES = YES;
				CURRENT_PROJECT_VERSION = 1;
				DEVELOPMENT_TEAM = 33HN83NDFB;
				ENABLE_APP_SANDBOX = NO;
				ENABLE_HARDENED_RUNTIME = YES;
				ENABLE_PREVIEWS = YES;
				ENABLE_USER_SELECTED_FILES = readonly;
				GENERATE_INFOPLIST_FILE = YES;
				INFOPLIST_KEY_LSUIElement = YES;
				INFOPLIST_KEY_NSHumanReadableCopyright = "";
				LD_RUNPATH_SEARCH_PATHS = (
					"$(inherited)",
					"@executable_path/../Frameworks",
				);
				MARKETING_VERSION = 1.0;
				PRODUCT_BUNDLE_IDENTIFIER = clovrlabs.Maperick;
				PRODUCT_NAME = "$(TARGET_NAME)";
				REGISTER_APP_GROUPS = YES;
				STRING_CATALOG_GENERATE_SYMBOLS = YES;
				SWIFT_APPROACHABLE_CONCURRENCY = YES;
				SWIFT_DEFAULT_ACTOR_ISOLATION = MainActor;
				SWIFT_EMIT_LOC_STRINGS = YES;
				SWIFT_UPCOMING_FEATURE_MEMBER_IMPORT_VISIBILITY = YES;
				SWIFT_VERSION = 5.0;
			};
			name = Debug;
		};
		39484BB52F7DBA78002669C0 /* Release */ = {
			isa = XCBuildConfiguration;
			buildSettings = {
				ASSETCATALOG_COMPILER_APPICON_NAME = AppIcon;
				ASSETCATALOG_COMPILER_GLOBAL_ACCENT_COLOR_NAME = AccentColor;
				CODE_SIGN_STYLE = Automatic;
				COMBINE_HIDPI_IMAGES = YES;
				CURRENT_PROJECT_VERSION = 1;
				DEVELOPMENT_TEAM = 33HN83NDFB;
				ENABLE_APP_SANDBOX = NO;
				ENABLE_HARDENED_RUNTIME = YES;
				ENABLE_PREVIEWS = YES;
				ENABLE_USER_SELECTED_FILES = readonly;
				GENERATE_INFOPLIST_FILE = YES;
				INFOPLIST_KEY_LSUIElement = YES;
				INFOPLIST_KEY_NSHumanReadableCopyright = "";
				LD_RUNPATH_SEARCH_PATHS = (
					"$(inherited)",
					"@executable_path/../Frameworks",
				);
				MARKETING_VERSION = 1.0;
				PRODUCT_BUNDLE_IDENTIFIER = clovrlabs.Maperick;
				PRODUCT_NAME = "$(TARGET_NAME)";
				REGISTER_APP_GROUPS = YES;
				STRING_CATALOG_GENERATE_SYMBOLS = YES;
				SWIFT_APPROACHABLE_CONCURRENCY = YES;
				SWIFT_DEFAULT_ACTOR_ISOLATION = MainActor;
				SWIFT_EMIT_LOC_STRINGS = YES;
				SWIFT_UPCOMING_FEATURE_MEMBER_IMPORT_VISIBILITY = YES;
				SWIFT_VERSION = 5.0;
			};
			name = Release;
		};
/* End XCBuildConfiguration section */

/* Begin XCConfigurationList section */
		39484BA32F7DBA77002669C0 /* Build configuration list for PBXProject "Maperick" */ = {
			isa = XCConfigurationList;
			buildConfigurations = (
				39484BB12F7DBA78002669C0 /* Debug */,
				39484BB22F7DBA78002669C0 /* Release */,
			);
			defaultConfigurationIsVisible = 0;
			defaultConfigurationName = Release;
		};
		39484BB32F7DBA78002669C0 /* Build configuration list for PBXNativeTarget "Maperick" */ = {
			isa = XCConfigurationList;
			buildConfigurations = (
				39484BB42F7DBA78002669C0 /* Debug */,
				39484BB52F7DBA78002669C0 /* Release */,
			);
			defaultConfigurationIsVisible = 0;
			defaultConfigurationName = Release;
		};
/* End XCConfigurationList section */
	};
	rootObject = 39484BA02F7DBA77002669C0 /* Project object */;
}
